
Microsoft Visual Studio Solution File, Format Version 12.00
# Visual Studio Version 17
VisualStudioVersion = 17.10.35004.147
MinimumVisualStudioVersion = 10.0.40219.1
Project("{9A19103F-16F7-4668-BE54-9A1E7A4F7556}") = "Domain", "Domain\Domain.csproj", "{212661DE-3341-4E54-84ED-E31D9CEE8BA2}"
EndProject
Project("{9A19103F-16F7-4668-BE54-9A1E7A4F7556}") = "App", "App\App.csproj", "{46F3D063-96FB-4B66-A233-17659F105A10}"
EndProject
Project("{FAE04EC0-301F-11D3-BF4B-00C04F79EFBC}") = "Infra", "Infra\Infra.csproj", "{AE49F10E-91AE-4B8A-A07E-737004397674}"
EndProject
Global
	GlobalSection(SolutionConfigurationPlatforms) = preSolution
		Debug|Any CPU = Debug|Any CPU
		Release|Any CPU = Release|Any CPU
	EndGlobalSection
	GlobalSection(ProjectConfigurationPlatforms) = postSolution
		{212661DE-3341-4E54-84ED-E31D9CEE8BA2}.Debug|Any CPU.ActiveCfg = Debug|Any CPU
		{212661DE-3341-4E54-84ED-E31D9CEE8BA2}.Debug|Any CPU.Build.0 = Debug|Any CPU
		{212661DE-3341-4E54-84ED-E31D9CEE8BA2}.Release|Any CPU.ActiveCfg = Release|Any CPU
		{212661DE-3341-4E54-84ED-E31D9CEE8BA2}.Release|Any CPU.Build.0 = Release|Any CPU
		{46F3D063-96FB-4B66-A233-17659F105A10}.Debug|Any CPU.ActiveCfg = Debug|Any CPU
		{46F3D063-96FB-4B66-A233-17659F105A10}.Debug|Any CPU.Build.0 = Debug|Any CPU
		{46F3D063-96FB-4B66-A233-17659F105A10}.Release|Any CPU.ActiveCfg = Release|Any CPU
		{46F3D063-96FB-4B66-A233-17659F105A10}.Release|Any CPU.Build.0 = Release|Any CPU
		{AE49F10E-91AE-4B8A-A07E-737004397674}.Debug|Any CPU.ActiveCfg = Debug|Any CPU
		{AE49F10E-91AE-4B8A-A07E-737004397674}.Debug|Any CPU.Build.0 = Debug|Any CPU
		{AE49F10E-91AE-4B8A-A07E-737004397674}.Release|Any CPU.ActiveCfg = Release|Any CPU
		{AE49F10E-91AE-4B8A-A07E-737004397674}.Release|Any CPU.Build.0 = Release|Any CPU
	EndGlobalSection
	GlobalSection(SolutionProperties) = preSolution
		HideSolutionNode = FALSE
	EndGlobalSection
	GlobalSection(ExtensibilityGlobals) = postSolution
		SolutionGuid = {E49643D3-34EA-4CEA-B04F-61FBC7BDF670}
	EndGlobalSection
EndGlobal
